
Microsoft Visual Studio Solution File, Format Version 12.00
# Visual Studio Version 17
VisualStudioVersion = 17.7.34202.233
MinimumVisualStudioVersion = 10.0.40219.1
Project("{8BC9CEB8-8B4A-11D0-8D11-00A0C91BC942}") = "AESCrypt", "AESCrypt\AESCrypt.vcxproj", "{CB18BD1F-815F-4B97-B5FF-213E337D41C0}"
EndProject
Global
	GlobalSection(SolutionConfigurationPlatforms) = preSolution
		Debug|x64 = Debug|x64
		Debug|x86 = Debug|x86
		Release|x64 = Release|x64
		Release|x86 = Release|x86
	EndGlobalSection
	GlobalSection(ProjectConfigurationPlatforms) = postSolution
		{CB18BD1F-815F-4B97-B5FF-213E337D41C0}.Debug|x64.ActiveCfg = Debug|x64
		{CB18BD1F-815F-4B97-B5FF-213E337D41C0}.Debug|x64.Build.0 = Debug|x64
		{CB18BD1F-815F-4B97-B5FF-213E337D41C0}.Debug|x86.ActiveCfg = Debug|Win32
		{CB18BD1F-815F-4B97-B5FF-213E337D41C0}.Debug|x86.Build.0 = Debug|Win32
		{CB18BD1F-815F-4B97-B5FF-213E337D41C0}.Release|x64.ActiveCfg = Release|x64
		{CB18BD1F-815F-4B97-B5FF-213E337D41C0}.Release|x64.Build.0 = Release|x64
		{CB18BD1F-815F-4B97-B5FF-213E337D41C0}.Release|x86.ActiveCfg = Release|Win32
		{CB18BD1F-815F-4B97-B5FF-213E337D41C0}.Release|x86.Build.0 = Release|Win32
	EndGlobalSection
	GlobalSection(SolutionProperties) = preSolution
		HideSolutionNode = FALSE
	EndGlobalSection
	GlobalSection(ExtensibilityGlobals) = postSolution
		SolutionGuid = {C6162175-8FAD-40D7-9EA0-D9405DDBD817}
	EndGlobalSection
EndGlobal
